
Microsoft Visual Studio Solution File, Format Version 11.00
# Visual Studio 2010
Project("{F184B08F-C81C-45F6-A57F-5ABD9991F28F}") = "Diccionarios.Net", "Diccionarios.Net\Diccionarios.Net.vbproj", "{946134BA-F506-4BE8-9448-650D517E8B98}"
EndProject
Global
	GlobalSection(SolutionConfigurationPlatforms) = preSolution
		Debug|x86 = Debug|x86
		Release|x86 = Release|x86
	EndGlobalSection
	GlobalSection(ProjectConfigurationPlatforms) = postSolution
		{946134BA-F506-4BE8-9448-650D517E8B98}.Debug|x86.ActiveCfg = Debug|x86
		{946134BA-F506-4BE8-9448-650D517E8B98}.Debug|x86.Build.0 = Debug|x86
		{946134BA-F506-4BE8-9448-650D517E8B98}.Release|x86.ActiveCfg = Release|x86
		{946134BA-F506-4BE8-9448-650D517E8B98}.Release|x86.Build.0 = Release|x86
	EndGlobalSection
	GlobalSection(SolutionProperties) = preSolution
		HideSolutionNode = FALSE
	EndGlobalSection
EndGlobal
